{
  "name": "@dwbinns/terminal",
  "version": "1.8.0",
  "lockfileVersion": 3,
  "requires": true,
  "packages": {
    "": {
      "name": "@dwbinns/terminal",
      "version": "1.8.0",
      "license": "ISC",
      "dependencies": {
        "md-js-run": "^1.0.1"
      }
    },
    "node_modules/md-js-run": {
      "version": "1.0.1",
      "resolved": "https://registry.npmjs.org/md-js-run/-/md-js-run-1.0.1.tgz",
      "integrity": "sha512-TUzOFvsu8yUdi9BCXHATTgkwGKPavZD2Szn5bWzmsh4ASLJLLd4zv3pAGLxeFDtGgzb/p41ta1wNfdCpr+lTfA==",
      "bin": {
        "md-js-run": "run.js"
      }
    }
  }
}
